
Microsoft Visual Studio Solution File, Format Version 12.00
# Visual Studio Version 17
VisualStudioVersion = 17.0.31903.59
MinimumVisualStudioVersion = 10.0.40219.1
Project("{2150E333-8FDC-42A3-9474-1A3956D46DE8}") = "src", "src", "{E8354A44-AC2A-40C1-B08E-2E8DF3840495}"
EndProject
Project("{FAE04EC0-301F-11D3-BF4B-00C04F79EFBC}") = "NotificationService.API", "src\NotificationService.API\NotificationService.API.csproj", "{051CA329-1C16-4CE3-B570-2A6B8B730B4B}"
EndProject
Project("{2150E333-8FDC-42A3-9474-1A3956D46DE8}") = "tests", "tests", "{02EA681E-C7D8-13C7-8484-4AC65E1B71E8}"
EndProject
Project("{FAE04EC0-301F-11D3-BF4B-00C04F79EFBC}") = "NotificationService.Tests", "tests\NotificationService.Tests\NotificationService.Tests.csproj", "{D121F772-89D5-439C-9183-F02FF31E1CA8}"
EndProject
Global
	GlobalSection(SolutionConfigurationPlatforms) = preSolution
		Debug|Any CPU = Debug|Any CPU
		Release|Any CPU = Release|Any CPU
	EndGlobalSection
	GlobalSection(ProjectConfigurationPlatforms) = postSolution
		{051CA329-1C16-4CE3-B570-2A6B8B730B4B}.Debug|Any CPU.ActiveCfg = Debug|Any CPU
		{051CA329-1C16-4CE3-B570-2A6B8B730B4B}.Debug|Any CPU.Build.0 = Debug|Any CPU
		{051CA329-1C16-4CE3-B570-2A6B8B730B4B}.Release|Any CPU.ActiveCfg = Release|Any CPU
		{051CA329-1C16-4CE3-B570-2A6B8B730B4B}.Release|Any CPU.Build.0 = Release|Any CPU
		{D121F772-89D5-439C-9183-F02FF31E1CA8}.Debug|Any CPU.ActiveCfg = Debug|Any CPU
		{D121F772-89D5-439C-9183-F02FF31E1CA8}.Debug|Any CPU.Build.0 = Debug|Any CPU
		{D121F772-89D5-439C-9183-F02FF31E1CA8}.Release|Any CPU.ActiveCfg = Release|Any CPU
		{D121F772-89D5-439C-9183-F02FF31E1CA8}.Release|Any CPU.Build.0 = Release|Any CPU
	EndGlobalSection
	GlobalSection(SolutionProperties) = preSolution
		HideSolutionNode = FALSE
	EndGlobalSection
	GlobalSection(NestedProjects) = preSolution
		{051CA329-1C16-4CE3-B570-2A6B8B730B4B} = {E8354A44-AC2A-40C1-B08E-2E8DF3840495}
		{D121F772-89D5-439C-9183-F02FF31E1CA8} = {02EA681E-C7D8-13C7-8484-4AC65E1B71E8}
	EndGlobalSection
	GlobalSection(ExtensibilityGlobals) = postSolution
		SolutionGuid = {13B82879-760A-4C93-A3BB-3A4DA88958FE}
	EndGlobalSection
EndGlobal
